
Microsoft Visual Studio Solution File, Format Version 12.00
# Visual Studio 14
VisualStudioVersion = 14.0.24720.0
MinimumVisualStudioVersion = 10.0.40219.1
Project("{2150E333-8FDC-42A3-9474-1A3956D46DE8}") = "src", "src", "{6C96739B-F15B-411D-9F53-ED40F1318A1D}"
EndProject
Project("{2150E333-8FDC-42A3-9474-1A3956D46DE8}") = "Solution Items", "Solution Items", "{9C545CB9-0F3D-4F51-B9A7-68E18C6F1CFF}"
	ProjectSection(SolutionItems) = preProject
		.gitignore = .gitignore
		global.json = global.json
		LICENSE = LICENSE
		README.md = README.md
	EndProjectSection
EndProject
Project("{2150E333-8FDC-42A3-9474-1A3956D46DE8}") = "test", "test", "{AF71B53A-A454-4AE4-A3B5-4229FC1AA8D6}"
EndProject
Project("{8BB2217D-0F2D-49D1-97BC-3654ED321F3B}") = "EventSourced.Net.Services", "src\EventSourced.Net.Services\EventSourced.Net.Services.xproj", "{82B1B666-6BA3-4594-8A6D-D55034A187CB}"
EndProject
Project("{8BB2217D-0F2D-49D1-97BC-3654ED321F3B}") = "EventSourced.Net.Specs", "test\EventSourced.Net.Specs\EventSourced.Net.Specs.xproj", "{2B0DEE1E-B24E-4734-AC2C-79310A095A73}"
EndProject
Project("{8BB2217D-0F2D-49D1-97BC-3654ED321F3B}") = "EventSourced.Net.Domain", "src\EventSourced.Net.Domain\EventSourced.Net.Domain.xproj", "{702724B6-DACD-4A53-B888-377EEE165AAE}"
EndProject
Project("{8BB2217D-0F2D-49D1-97BC-3654ED321F3B}") = "CommonDomain", "src\CommonDomain\CommonDomain.xproj", "{93A1DF79-037B-4D2F-9744-B95B3E3ED29D}"
EndProject
Project("{8BB2217D-0F2D-49D1-97BC-3654ED321F3B}") = "EventSourced.Net.Web", "src\EventSourced.Net.Web\EventSourced.Net.Web.xproj", "{6260FD20-8B7E-4F62-8FED-9476EEC08155}"
EndProject
Project("{8BB2217D-0F2D-49D1-97BC-3654ED321F3B}") = "EventSourced.Net.ReadModel", "src\EventSourced.Net.ReadModel\EventSourced.Net.ReadModel.xproj", "{62ED9CA0-9D2F-4CED-90DE-ACA2DC04BFED}"
EndProject
Global
	GlobalSection(SolutionConfigurationPlatforms) = preSolution
		Debug|Any CPU = Debug|Any CPU
		Release|Any CPU = Release|Any CPU
	EndGlobalSection
	GlobalSection(ProjectConfigurationPlatforms) = postSolution
		{82B1B666-6BA3-4594-8A6D-D55034A187CB}.Debug|Any CPU.ActiveCfg = Debug|Any CPU
		{82B1B666-6BA3-4594-8A6D-D55034A187CB}.Debug|Any CPU.Build.0 = Debug|Any CPU
		{82B1B666-6BA3-4594-8A6D-D55034A187CB}.Release|Any CPU.ActiveCfg = Release|Any CPU
		{82B1B666-6BA3-4594-8A6D-D55034A187CB}.Release|Any CPU.Build.0 = Release|Any CPU
		{2B0DEE1E-B24E-4734-AC2C-79310A095A73}.Debug|Any CPU.ActiveCfg = Debug|Any CPU
		{2B0DEE1E-B24E-4734-AC2C-79310A095A73}.Debug|Any CPU.Build.0 = Debug|Any CPU
		{2B0DEE1E-B24E-4734-AC2C-79310A095A73}.Release|Any CPU.ActiveCfg = Release|Any CPU
		{2B0DEE1E-B24E-4734-AC2C-79310A095A73}.Release|Any CPU.Build.0 = Release|Any CPU
		{702724B6-DACD-4A53-B888-377EEE165AAE}.Debug|Any CPU.ActiveCfg = Debug|Any CPU
		{702724B6-DACD-4A53-B888-377EEE165AAE}.Debug|Any CPU.Build.0 = Debug|Any CPU
		{702724B6-DACD-4A53-B888-377EEE165AAE}.Release|Any CPU.ActiveCfg = Release|Any CPU
		{702724B6-DACD-4A53-B888-377EEE165AAE}.Release|Any CPU.Build.0 = Release|Any CPU
		{93A1DF79-037B-4D2F-9744-B95B3E3ED29D}.Debug|Any CPU.ActiveCfg = Debug|Any CPU
		{93A1DF79-037B-4D2F-9744-B95B3E3ED29D}.Debug|Any CPU.Build.0 = Debug|Any CPU
		{93A1DF79-037B-4D2F-9744-B95B3E3ED29D}.Release|Any CPU.ActiveCfg = Release|Any CPU
		{93A1DF79-037B-4D2F-9744-B95B3E3ED29D}.Release|Any CPU.Build.0 = Release|Any CPU
		{6260FD20-8B7E-4F62-8FED-9476EEC08155}.Debug|Any CPU.ActiveCfg = Debug|Any CPU
		{6260FD20-8B7E-4F62-8FED-9476EEC08155}.Debug|Any CPU.Build.0 = Debug|Any CPU
		{6260FD20-8B7E-4F62-8FED-9476EEC08155}.Release|Any CPU.ActiveCfg = Release|Any CPU
		{6260FD20-8B7E-4F62-8FED-9476EEC08155}.Release|Any CPU.Build.0 = Release|Any CPU
		{62ED9CA0-9D2F-4CED-90DE-ACA2DC04BFED}.Debug|Any CPU.ActiveCfg = Debug|Any CPU
		{62ED9CA0-9D2F-4CED-90DE-ACA2DC04BFED}.Debug|Any CPU.Build.0 = Debug|Any CPU
		{62ED9CA0-9D2F-4CED-90DE-ACA2DC04BFED}.Release|Any CPU.ActiveCfg = Release|Any CPU
		{62ED9CA0-9D2F-4CED-90DE-ACA2DC04BFED}.Release|Any CPU.Build.0 = Release|Any CPU
	EndGlobalSection
	GlobalSection(SolutionProperties) = preSolution
		HideSolutionNode = FALSE
	EndGlobalSection
	GlobalSection(NestedProjects) = preSolution
		{82B1B666-6BA3-4594-8A6D-D55034A187CB} = {6C96739B-F15B-411D-9F53-ED40F1318A1D}
		{2B0DEE1E-B24E-4734-AC2C-79310A095A73} = {AF71B53A-A454-4AE4-A3B5-4229FC1AA8D6}
		{702724B6-DACD-4A53-B888-377EEE165AAE} = {6C96739B-F15B-411D-9F53-ED40F1318A1D}
		{93A1DF79-037B-4D2F-9744-B95B3E3ED29D} = {6C96739B-F15B-411D-9F53-ED40F1318A1D}
		{6260FD20-8B7E-4F62-8FED-9476EEC08155} = {6C96739B-F15B-411D-9F53-ED40F1318A1D}
		{62ED9CA0-9D2F-4CED-90DE-ACA2DC04BFED} = {6C96739B-F15B-411D-9F53-ED40F1318A1D}
	EndGlobalSection
EndGlobal
