
Microsoft Visual Studio Solution File, Format Version 12.00
# Visual Studio 14
VisualStudioVersion = 14.0.24720.0
MinimumVisualStudioVersion = 10.0.40219.1
Project("{2150E333-8FDC-42A3-9474-1A3956D46DE8}") = "src", "src", "{6C96739B-F15B-411D-9F53-ED40F1318A1D}"
EndProject
Project("{2150E333-8FDC-42A3-9474-1A3956D46DE8}") = "Solution Items", "Solution Items", "{9C545CB9-0F3D-4F51-B9A7-68E18C6F1CFF}"
	ProjectSection(SolutionItems) = preProject
		.gitignore = .gitignore
		global.json = global.json
	EndProjectSection
EndProject
Project("{8BB2217D-0F2D-49D1-97BC-3654ED321F3B}") = "EventSourced.Net.WebApi", "src\EventSourced.Net.WebApi\EventSourced.Net.WebApi.xproj", "{6260FD20-8B7E-4F62-8FED-9476EEC08155}"
EndProject
Project("{8BB2217D-0F2D-49D1-97BC-3654ED321F3B}") = "EventSourced.Net.Services", "src\eventsourced.net.services\EventSourced.Net.Services.xproj", "{D50C26A2-23D9-4B19-9BD4-7A782F8E718E}"
EndProject
Project("{8BB2217D-0F2D-49D1-97BC-3654ED321F3B}") = "EventSourced.Net.Domain", "src\eventsourced.net.domain\EventSourced.Net.Domain.xproj", "{392EBA24-10D8-43B2-9DC8-54D5D221C2D0}"
EndProject
Project("{8BB2217D-0F2D-49D1-97BC-3654ED321F3B}") = "CommonDomain", "src\commondomain\CommonDomain.xproj", "{89425D08-3EE2-4F4C-98D5-F3F41174B08F}"
EndProject
Project("{2150E333-8FDC-42A3-9474-1A3956D46DE8}") = "test", "test", "{AF71B53A-A454-4AE4-A3B5-4229FC1AA8D6}"
EndProject
Project("{8BB2217D-0F2D-49D1-97BC-3654ED321F3B}") = "EventSourced.Net.Specs", "test\eventsourced.net.specs\EventSourced.Net.Specs.xproj", "{59E4C0BA-47FA-430B-9F9A-D40A761D1CF7}"
EndProject
Global
	GlobalSection(SolutionConfigurationPlatforms) = preSolution
		Debug|Any CPU = Debug|Any CPU
		Release|Any CPU = Release|Any CPU
	EndGlobalSection
	GlobalSection(ProjectConfigurationPlatforms) = postSolution
		{6260FD20-8B7E-4F62-8FED-9476EEC08155}.Debug|Any CPU.ActiveCfg = Debug|Any CPU
		{6260FD20-8B7E-4F62-8FED-9476EEC08155}.Debug|Any CPU.Build.0 = Debug|Any CPU
		{6260FD20-8B7E-4F62-8FED-9476EEC08155}.Release|Any CPU.ActiveCfg = Release|Any CPU
		{6260FD20-8B7E-4F62-8FED-9476EEC08155}.Release|Any CPU.Build.0 = Release|Any CPU
		{D50C26A2-23D9-4B19-9BD4-7A782F8E718E}.Debug|Any CPU.ActiveCfg = Debug|Any CPU
		{D50C26A2-23D9-4B19-9BD4-7A782F8E718E}.Debug|Any CPU.Build.0 = Debug|Any CPU
		{D50C26A2-23D9-4B19-9BD4-7A782F8E718E}.Release|Any CPU.ActiveCfg = Release|Any CPU
		{D50C26A2-23D9-4B19-9BD4-7A782F8E718E}.Release|Any CPU.Build.0 = Release|Any CPU
		{392EBA24-10D8-43B2-9DC8-54D5D221C2D0}.Debug|Any CPU.ActiveCfg = Debug|Any CPU
		{392EBA24-10D8-43B2-9DC8-54D5D221C2D0}.Debug|Any CPU.Build.0 = Debug|Any CPU
		{392EBA24-10D8-43B2-9DC8-54D5D221C2D0}.Release|Any CPU.ActiveCfg = Release|Any CPU
		{392EBA24-10D8-43B2-9DC8-54D5D221C2D0}.Release|Any CPU.Build.0 = Release|Any CPU
		{89425D08-3EE2-4F4C-98D5-F3F41174B08F}.Debug|Any CPU.ActiveCfg = Debug|Any CPU
		{89425D08-3EE2-4F4C-98D5-F3F41174B08F}.Debug|Any CPU.Build.0 = Debug|Any CPU
		{89425D08-3EE2-4F4C-98D5-F3F41174B08F}.Release|Any CPU.ActiveCfg = Release|Any CPU
		{89425D08-3EE2-4F4C-98D5-F3F41174B08F}.Release|Any CPU.Build.0 = Release|Any CPU
		{59E4C0BA-47FA-430B-9F9A-D40A761D1CF7}.Debug|Any CPU.ActiveCfg = Debug|Any CPU
		{59E4C0BA-47FA-430B-9F9A-D40A761D1CF7}.Debug|Any CPU.Build.0 = Debug|Any CPU
		{59E4C0BA-47FA-430B-9F9A-D40A761D1CF7}.Release|Any CPU.ActiveCfg = Release|Any CPU
		{59E4C0BA-47FA-430B-9F9A-D40A761D1CF7}.Release|Any CPU.Build.0 = Release|Any CPU
	EndGlobalSection
	GlobalSection(SolutionProperties) = preSolution
		HideSolutionNode = FALSE
	EndGlobalSection
	GlobalSection(NestedProjects) = preSolution
		{6260FD20-8B7E-4F62-8FED-9476EEC08155} = {6C96739B-F15B-411D-9F53-ED40F1318A1D}
		{D50C26A2-23D9-4B19-9BD4-7A782F8E718E} = {6C96739B-F15B-411D-9F53-ED40F1318A1D}
		{392EBA24-10D8-43B2-9DC8-54D5D221C2D0} = {6C96739B-F15B-411D-9F53-ED40F1318A1D}
		{89425D08-3EE2-4F4C-98D5-F3F41174B08F} = {6C96739B-F15B-411D-9F53-ED40F1318A1D}
		{59E4C0BA-47FA-430B-9F9A-D40A761D1CF7} = {AF71B53A-A454-4AE4-A3B5-4229FC1AA8D6}
	EndGlobalSection
EndGlobal
